// !$*UTF8*$!
{
	archiveVersion = 1;
	classes = {
	};
	objectVersion = 46;
	objects = {

/* Begin PBXAggregateTarget section */
		"Blake2::Blake2PackageTests::ProductTarget" /* Blake2PackageTests */ = {
			isa = PBXAggregateTarget;
			buildConfigurationList = OBJ_78 /* Build configuration list for PBXAggregateTarget "Blake2PackageTests" */;
			buildPhases = (
			);
			dependencies = (
				OBJ_81 /* PBXTargetDependency */,
			);
			name = Blake2PackageTests;
			productName = Blake2PackageTests;
		};
/* End PBXAggregateTarget section */

/* Begin PBXBuildFile section */
		OBJ_103 /* cblake2s.c in Sources */ = {isa = PBXBuildFile; fileRef = OBJ_16 /* cblake2s.c */; };
		OBJ_109 /* Data+Datable.swift in Sources */ = {isa = PBXBuildFile; fileRef = OBJ_27 /* Data+Datable.swift */; };
		OBJ_110 /* Data+ExpressibleByStringLiteral.swift in Sources */ = {isa = PBXBuildFile; fileRef = OBJ_28 /* Data+ExpressibleByStringLiteral.swift */; };
		OBJ_111 /* Data+Stringable.swift in Sources */ = {isa = PBXBuildFile; fileRef = OBJ_29 /* Data+Stringable.swift */; };
		OBJ_112 /* Datable+Double.swift in Sources */ = {isa = PBXBuildFile; fileRef = OBJ_30 /* Datable+Double.swift */; };
		OBJ_113 /* Datable+Float.swift in Sources */ = {isa = PBXBuildFile; fileRef = OBJ_31 /* Datable+Float.swift */; };
		OBJ_114 /* Datable.swift in Sources */ = {isa = PBXBuildFile; fileRef = OBJ_32 /* Datable.swift */; };
		OBJ_115 /* DatableConfig.swift in Sources */ = {isa = PBXBuildFile; fileRef = OBJ_33 /* DatableConfig.swift */; };
		OBJ_116 /* Double+Stringable.swift in Sources */ = {isa = PBXBuildFile; fileRef = OBJ_34 /* Double+Stringable.swift */; };
		OBJ_117 /* Int+Datable.swift in Sources */ = {isa = PBXBuildFile; fileRef = OBJ_35 /* Int+Datable.swift */; };
		OBJ_118 /* Int+Stringable.swift in Sources */ = {isa = PBXBuildFile; fileRef = OBJ_36 /* Int+Stringable.swift */; };
		OBJ_119 /* Intable.swift in Sources */ = {isa = PBXBuildFile; fileRef = OBJ_37 /* Intable.swift */; };
		OBJ_120 /* String+Datable.swift in Sources */ = {isa = PBXBuildFile; fileRef = OBJ_38 /* String+Datable.swift */; };
		OBJ_121 /* String+Intable.swift in Sources */ = {isa = PBXBuildFile; fileRef = OBJ_39 /* String+Intable.swift */; };
		OBJ_122 /* Stringable.swift in Sources */ = {isa = PBXBuildFile; fileRef = OBJ_40 /* Stringable.swift */; };
		OBJ_123 /* UInt+Datable.swift in Sources */ = {isa = PBXBuildFile; fileRef = OBJ_41 /* UInt+Datable.swift */; };
		OBJ_124 /* UInt+Stringable.swift in Sources */ = {isa = PBXBuildFile; fileRef = OBJ_42 /* UInt+Stringable.swift */; };
		OBJ_131 /* Package.swift in Sources */ = {isa = PBXBuildFile; fileRef = OBJ_43 /* Package.swift */; };
		OBJ_55 /* Blake2.swift in Sources */ = {isa = PBXBuildFile; fileRef = OBJ_14 /* Blake2.swift */; };
		OBJ_57 /* Blake2_ObjC.framework in Frameworks */ = {isa = PBXBuildFile; fileRef = "Blake2::Blake2-ObjC::Product" /* Blake2_ObjC.framework */; };
		OBJ_58 /* CBlake2.framework in Frameworks */ = {isa = PBXBuildFile; fileRef = "Blake2::CBlake2::Product" /* CBlake2.framework */; };
		OBJ_67 /* Blake2s.m in Sources */ = {isa = PBXBuildFile; fileRef = OBJ_9 /* Blake2s.m */; };
		OBJ_69 /* CBlake2.framework in Frameworks */ = {isa = PBXBuildFile; fileRef = "Blake2::CBlake2::Product" /* CBlake2.framework */; };
		OBJ_76 /* Package.swift in Sources */ = {isa = PBXBuildFile; fileRef = OBJ_6 /* Package.swift */; };
		OBJ_87 /* Blake2Tests.swift in Sources */ = {isa = PBXBuildFile; fileRef = OBJ_22 /* Blake2Tests.swift */; };
		OBJ_88 /* XCTestManifests.swift in Sources */ = {isa = PBXBuildFile; fileRef = OBJ_23 /* XCTestManifests.swift */; };
		OBJ_90 /* Datable.framework in Frameworks */ = {isa = PBXBuildFile; fileRef = "Datable::Datable::Product" /* Datable.framework */; };
		OBJ_91 /* Blake2.framework in Frameworks */ = {isa = PBXBuildFile; fileRef = "Blake2::Blake2::Product" /* Blake2.framework */; };
		OBJ_92 /* Blake2_ObjC.framework in Frameworks */ = {isa = PBXBuildFile; fileRef = "Blake2::Blake2-ObjC::Product" /* Blake2_ObjC.framework */; };
		OBJ_93 /* CBlake2.framework in Frameworks */ = {isa = PBXBuildFile; fileRef = "Blake2::CBlake2::Product" /* CBlake2.framework */; };
/* End PBXBuildFile section */

/* Begin PBXContainerItemProxy section */
		CAF691572163F63500DCFCAC /* PBXContainerItemProxy */ = {
			isa = PBXContainerItemProxy;
			containerPortal = OBJ_1 /* Project object */;
			proxyType = 1;
			remoteGlobalIDString = "Blake2::CBlake2";
			remoteInfo = CBlake2;
		};
		CAF691582163F63500DCFCAC /* PBXContainerItemProxy */ = {
			isa = PBXContainerItemProxy;
			containerPortal = OBJ_1 /* Project object */;
			proxyType = 1;
			remoteGlobalIDString = "Blake2::Blake2-ObjC";
			remoteInfo = "Blake2-ObjC";
		};
		CAF691592163F63500DCFCAC /* PBXContainerItemProxy */ = {
			isa = PBXContainerItemProxy;
			containerPortal = OBJ_1 /* Project object */;
			proxyType = 1;
			remoteGlobalIDString = "Blake2::CBlake2";
			remoteInfo = CBlake2;
		};
		CAF6915A2163F63500DCFCAC /* PBXContainerItemProxy */ = {
			isa = PBXContainerItemProxy;
			containerPortal = OBJ_1 /* Project object */;
			proxyType = 1;
			remoteGlobalIDString = "Datable::Datable";
			remoteInfo = Datable;
		};
		CAF6915B2163F63500DCFCAC /* PBXContainerItemProxy */ = {
			isa = PBXContainerItemProxy;
			containerPortal = OBJ_1 /* Project object */;
			proxyType = 1;
			remoteGlobalIDString = "Blake2::Blake2";
			remoteInfo = Blake2;
		};
		CAF6915C2163F63500DCFCAC /* PBXContainerItemProxy */ = {
			isa = PBXContainerItemProxy;
			containerPortal = OBJ_1 /* Project object */;
			proxyType = 1;
			remoteGlobalIDString = "Blake2::Blake2-ObjC";
			remoteInfo = "Blake2-ObjC";
		};
		CAF6915D2163F63500DCFCAC /* PBXContainerItemProxy */ = {
			isa = PBXContainerItemProxy;
			containerPortal = OBJ_1 /* Project object */;
			proxyType = 1;
			remoteGlobalIDString = "Blake2::CBlake2";
			remoteInfo = CBlake2;
		};
		CAF6915E2163F63600DCFCAC /* PBXContainerItemProxy */ = {
			isa = PBXContainerItemProxy;
			containerPortal = OBJ_1 /* Project object */;
			proxyType = 1;
			remoteGlobalIDString = "Blake2::Blake2Tests";
			remoteInfo = Blake2Tests;
		};
/* End PBXContainerItemProxy section */

/* Begin PBXFileReference section */
		"Blake2::Blake2-ObjC::Product" /* Blake2_ObjC.framework */ = {isa = PBXFileReference; lastKnownFileType = wrapper.framework; path = Blake2_ObjC.framework; sourceTree = BUILT_PRODUCTS_DIR; };
		"Blake2::Blake2::Product" /* Blake2.framework */ = {isa = PBXFileReference; lastKnownFileType = wrapper.framework; path = Blake2.framework; sourceTree = BUILT_PRODUCTS_DIR; };
		"Blake2::Blake2Tests::Product" /* Blake2Tests.xctest */ = {isa = PBXFileReference; lastKnownFileType = file; path = Blake2Tests.xctest; sourceTree = BUILT_PRODUCTS_DIR; };
		"Blake2::CBlake2::Product" /* CBlake2.framework */ = {isa = PBXFileReference; lastKnownFileType = wrapper.framework; path = CBlake2.framework; sourceTree = BUILT_PRODUCTS_DIR; };
		"Datable::Datable::Product" /* Datable.framework */ = {isa = PBXFileReference; explicitFileType = wrapper.framework; path = Datable.framework; sourceTree = BUILT_PRODUCTS_DIR; };
		OBJ_11 /* Blake2s.h */ = {isa = PBXFileReference; lastKnownFileType = sourcecode.c.h; path = Blake2s.h; sourceTree = "<group>"; };
		OBJ_12 /* module.modulemap */ = {isa = PBXFileReference; lastKnownFileType = "sourcecode.module-map"; name = module.modulemap; path = /Users/brandon/Blake2/Blake2.xcodeproj/GeneratedModuleMap/Blake2_ObjC/module.modulemap; sourceTree = "<group>"; };
		OBJ_14 /* Blake2.swift */ = {isa = PBXFileReference; lastKnownFileType = sourcecode.swift; path = Blake2.swift; sourceTree = "<group>"; };
		OBJ_16 /* cblake2s.c */ = {isa = PBXFileReference; lastKnownFileType = sourcecode.c.c; path = cblake2s.c; sourceTree = "<group>"; };
		OBJ_18 /* cblake2s.h */ = {isa = PBXFileReference; lastKnownFileType = sourcecode.c.h; path = cblake2s.h; sourceTree = "<group>"; };
		OBJ_19 /* module.modulemap */ = {isa = PBXFileReference; lastKnownFileType = "sourcecode.module-map"; name = module.modulemap; path = /Users/brandon/Blake2/Blake2.xcodeproj/GeneratedModuleMap/CBlake2/module.modulemap; sourceTree = "<group>"; };
		OBJ_22 /* Blake2Tests.swift */ = {isa = PBXFileReference; lastKnownFileType = sourcecode.swift; path = Blake2Tests.swift; sourceTree = "<group>"; };
		OBJ_23 /* XCTestManifests.swift */ = {isa = PBXFileReference; lastKnownFileType = sourcecode.swift; path = XCTestManifests.swift; sourceTree = "<group>"; };
		OBJ_27 /* Data+Datable.swift */ = {isa = PBXFileReference; lastKnownFileType = sourcecode.swift; path = "Data+Datable.swift"; sourceTree = "<group>"; };
		OBJ_28 /* Data+ExpressibleByStringLiteral.swift */ = {isa = PBXFileReference; lastKnownFileType = sourcecode.swift; path = "Data+ExpressibleByStringLiteral.swift"; sourceTree = "<group>"; };
		OBJ_29 /* Data+Stringable.swift */ = {isa = PBXFileReference; lastKnownFileType = sourcecode.swift; path = "Data+Stringable.swift"; sourceTree = "<group>"; };
		OBJ_30 /* Datable+Double.swift */ = {isa = PBXFileReference; lastKnownFileType = sourcecode.swift; path = "Datable+Double.swift"; sourceTree = "<group>"; };
		OBJ_31 /* Datable+Float.swift */ = {isa = PBXFileReference; lastKnownFileType = sourcecode.swift; path = "Datable+Float.swift"; sourceTree = "<group>"; };
		OBJ_32 /* Datable.swift */ = {isa = PBXFileReference; lastKnownFileType = sourcecode.swift; path = Datable.swift; sourceTree = "<group>"; };
		OBJ_33 /* DatableConfig.swift */ = {isa = PBXFileReference; lastKnownFileType = sourcecode.swift; path = DatableConfig.swift; sourceTree = "<group>"; };
		OBJ_34 /* Double+Stringable.swift */ = {isa = PBXFileReference; lastKnownFileType = sourcecode.swift; path = "Double+Stringable.swift"; sourceTree = "<group>"; };
		OBJ_35 /* Int+Datable.swift */ = {isa = PBXFileReference; lastKnownFileType = sourcecode.swift; path = "Int+Datable.swift"; sourceTree = "<group>"; };
		OBJ_36 /* Int+Stringable.swift */ = {isa = PBXFileReference; lastKnownFileType = sourcecode.swift; path = "Int+Stringable.swift"; sourceTree = "<group>"; };
		OBJ_37 /* Intable.swift */ = {isa = PBXFileReference; lastKnownFileType = sourcecode.swift; path = Intable.swift; sourceTree = "<group>"; };
		OBJ_38 /* String+Datable.swift */ = {isa = PBXFileReference; lastKnownFileType = sourcecode.swift; path = "String+Datable.swift"; sourceTree = "<group>"; };
		OBJ_39 /* String+Intable.swift */ = {isa = PBXFileReference; lastKnownFileType = sourcecode.swift; path = "String+Intable.swift"; sourceTree = "<group>"; };
		OBJ_40 /* Stringable.swift */ = {isa = PBXFileReference; lastKnownFileType = sourcecode.swift; path = Stringable.swift; sourceTree = "<group>"; };
		OBJ_41 /* UInt+Datable.swift */ = {isa = PBXFileReference; lastKnownFileType = sourcecode.swift; path = "UInt+Datable.swift"; sourceTree = "<group>"; };
		OBJ_42 /* UInt+Stringable.swift */ = {isa = PBXFileReference; lastKnownFileType = sourcecode.swift; path = "UInt+Stringable.swift"; sourceTree = "<group>"; };
		OBJ_43 /* Package.swift */ = {isa = PBXFileReference; explicitFileType = sourcecode.swift; name = Package.swift; path = "/Users/brandon/Blake2/.build/checkouts/Datable.git-716169684618243686/Package.swift"; sourceTree = "<group>"; };
		OBJ_6 /* Package.swift */ = {isa = PBXFileReference; explicitFileType = sourcecode.swift; path = Package.swift; sourceTree = "<group>"; };
		OBJ_9 /* Blake2s.m */ = {isa = PBXFileReference; lastKnownFileType = sourcecode.c.objc; path = Blake2s.m; sourceTree = "<group>"; };
/* End PBXFileReference section */

/* Begin PBXFrameworksBuildPhase section */
		OBJ_104 /* Frameworks */ = {
			isa = PBXFrameworksBuildPhase;
			buildActionMask = 0;
			files = (
			);
			runOnlyForDeploymentPostprocessing = 0;
		};
		OBJ_125 /* Frameworks */ = {
			isa = PBXFrameworksBuildPhase;
			buildActionMask = 0;
			files = (
			);
			runOnlyForDeploymentPostprocessing = 0;
		};
		OBJ_56 /* Frameworks */ = {
			isa = PBXFrameworksBuildPhase;
			buildActionMask = 0;
			files = (
				OBJ_57 /* Blake2_ObjC.framework in Frameworks */,
				OBJ_58 /* CBlake2.framework in Frameworks */,
			);
			runOnlyForDeploymentPostprocessing = 0;
		};
		OBJ_68 /* Frameworks */ = {
			isa = PBXFrameworksBuildPhase;
			buildActionMask = 0;
			files = (
				OBJ_69 /* CBlake2.framework in Frameworks */,
			);
			runOnlyForDeploymentPostprocessing = 0;
		};
		OBJ_89 /* Frameworks */ = {
			isa = PBXFrameworksBuildPhase;
			buildActionMask = 0;
			files = (
				OBJ_90 /* Datable.framework in Frameworks */,
				OBJ_91 /* Blake2.framework in Frameworks */,
				OBJ_92 /* Blake2_ObjC.framework in Frameworks */,
				OBJ_93 /* CBlake2.framework in Frameworks */,
			);
			runOnlyForDeploymentPostprocessing = 0;
		};
/* End PBXFrameworksBuildPhase section */

/* Begin PBXGroup section */
		OBJ_10 /* include */ = {
			isa = PBXGroup;
			children = (
				OBJ_11 /* Blake2s.h */,
				OBJ_12 /* module.modulemap */,
			);
			path = include;
			sourceTree = "<group>";
		};
		OBJ_13 /* Blake2 */ = {
			isa = PBXGroup;
			children = (
				OBJ_14 /* Blake2.swift */,
			);
			name = Blake2;
			path = Sources/Blake2;
			sourceTree = SOURCE_ROOT;
		};
		OBJ_15 /* CBlake2 */ = {
			isa = PBXGroup;
			children = (
				OBJ_16 /* cblake2s.c */,
				OBJ_17 /* include */,
			);
			name = CBlake2;
			path = Sources/CBlake2;
			sourceTree = SOURCE_ROOT;
		};
		OBJ_17 /* include */ = {
			isa = PBXGroup;
			children = (
				OBJ_18 /* cblake2s.h */,
				OBJ_19 /* module.modulemap */,
			);
			path = include;
			sourceTree = "<group>";
		};
		OBJ_20 /* Tests */ = {
			isa = PBXGroup;
			children = (
				OBJ_21 /* Blake2Tests */,
			);
			name = Tests;
			sourceTree = SOURCE_ROOT;
		};
		OBJ_21 /* Blake2Tests */ = {
			isa = PBXGroup;
			children = (
				OBJ_22 /* Blake2Tests.swift */,
				OBJ_23 /* XCTestManifests.swift */,
			);
			name = Blake2Tests;
			path = Tests/Blake2Tests;
			sourceTree = SOURCE_ROOT;
		};
		OBJ_24 /* Dependencies */ = {
			isa = PBXGroup;
			children = (
				OBJ_25 /* Datable 1.0.0 */,
			);
			name = Dependencies;
			sourceTree = "<group>";
		};
		OBJ_25 /* Datable 1.0.0 */ = {
			isa = PBXGroup;
			children = (
				OBJ_26 /* Datable */,
				OBJ_43 /* Package.swift */,
			);
			name = "Datable 1.0.0";
			sourceTree = SOURCE_ROOT;
		};
		OBJ_26 /* Datable */ = {
			isa = PBXGroup;
			children = (
				OBJ_27 /* Data+Datable.swift */,
				OBJ_28 /* Data+ExpressibleByStringLiteral.swift */,
				OBJ_29 /* Data+Stringable.swift */,
				OBJ_30 /* Datable+Double.swift */,
				OBJ_31 /* Datable+Float.swift */,
				OBJ_32 /* Datable.swift */,
				OBJ_33 /* DatableConfig.swift */,
				OBJ_34 /* Double+Stringable.swift */,
				OBJ_35 /* Int+Datable.swift */,
				OBJ_36 /* Int+Stringable.swift */,
				OBJ_37 /* Intable.swift */,
				OBJ_38 /* String+Datable.swift */,
				OBJ_39 /* String+Intable.swift */,
				OBJ_40 /* Stringable.swift */,
				OBJ_41 /* UInt+Datable.swift */,
				OBJ_42 /* UInt+Stringable.swift */,
			);
			name = Datable;
			path = ".build/checkouts/Datable.git-716169684618243686/Sources/Datable";
			sourceTree = SOURCE_ROOT;
		};
		OBJ_44 /* Products */ = {
			isa = PBXGroup;
			children = (
				"Blake2::Blake2-ObjC::Product" /* Blake2_ObjC.framework */,
				"Blake2::Blake2::Product" /* Blake2.framework */,
				"Blake2::Blake2Tests::Product" /* Blake2Tests.xctest */,
				"Blake2::CBlake2::Product" /* CBlake2.framework */,
				"Datable::Datable::Product" /* Datable.framework */,
			);
			name = Products;
			sourceTree = BUILT_PRODUCTS_DIR;
		};
		OBJ_5 /*  */ = {
			isa = PBXGroup;
			children = (
				OBJ_6 /* Package.swift */,
				OBJ_7 /* Sources */,
				OBJ_20 /* Tests */,
				OBJ_24 /* Dependencies */,
				OBJ_44 /* Products */,
			);
			name = "";
			sourceTree = "<group>";
		};
		OBJ_7 /* Sources */ = {
			isa = PBXGroup;
			children = (
				OBJ_8 /* Blake2-ObjC */,
				OBJ_13 /* Blake2 */,
				OBJ_15 /* CBlake2 */,
			);
			name = Sources;
			sourceTree = SOURCE_ROOT;
		};
		OBJ_8 /* Blake2-ObjC */ = {
			isa = PBXGroup;
			children = (
				OBJ_9 /* Blake2s.m */,
				OBJ_10 /* include */,
			);
			name = "Blake2-ObjC";
			path = "Sources/Blake2-ObjC";
			sourceTree = SOURCE_ROOT;
		};
/* End PBXGroup section */

/* Begin PBXNativeTarget section */
		"Blake2::Blake2" /* Blake2 */ = {
			isa = PBXNativeTarget;
			buildConfigurationList = OBJ_51 /* Build configuration list for PBXNativeTarget "Blake2" */;
			buildPhases = (
				OBJ_54 /* Sources */,
				OBJ_56 /* Frameworks */,
			);
			buildRules = (
			);
			dependencies = (
				OBJ_59 /* PBXTargetDependency */,
				OBJ_61 /* PBXTargetDependency */,
			);
			name = Blake2;
			productName = Blake2;
			productReference = "Blake2::Blake2::Product" /* Blake2.framework */;
			productType = "com.apple.product-type.framework";
		};
		"Blake2::Blake2-ObjC" /* Blake2-ObjC */ = {
			isa = PBXNativeTarget;
			buildConfigurationList = OBJ_63 /* Build configuration list for PBXNativeTarget "Blake2-ObjC" */;
			buildPhases = (
				OBJ_66 /* Sources */,
				OBJ_68 /* Frameworks */,
			);
			buildRules = (
			);
			dependencies = (
				OBJ_70 /* PBXTargetDependency */,
			);
			name = "Blake2-ObjC";
			productName = Blake2_ObjC;
			productReference = "Blake2::Blake2-ObjC::Product" /* Blake2_ObjC.framework */;
			productType = "com.apple.product-type.framework";
		};
		"Blake2::Blake2Tests" /* Blake2Tests */ = {
			isa = PBXNativeTarget;
			buildConfigurationList = OBJ_83 /* Build configuration list for PBXNativeTarget "Blake2Tests" */;
			buildPhases = (
				OBJ_86 /* Sources */,
				OBJ_89 /* Frameworks */,
			);
			buildRules = (
			);
			dependencies = (
				OBJ_94 /* PBXTargetDependency */,
				OBJ_96 /* PBXTargetDependency */,
				OBJ_97 /* PBXTargetDependency */,
				OBJ_98 /* PBXTargetDependency */,
			);
			name = Blake2Tests;
			productName = Blake2Tests;
			productReference = "Blake2::Blake2Tests::Product" /* Blake2Tests.xctest */;
			productType = "com.apple.product-type.bundle.unit-test";
		};
		"Blake2::CBlake2" /* CBlake2 */ = {
			isa = PBXNativeTarget;
			buildConfigurationList = OBJ_99 /* Build configuration list for PBXNativeTarget "CBlake2" */;
			buildPhases = (
				OBJ_102 /* Sources */,
				OBJ_104 /* Frameworks */,
			);
			buildRules = (
			);
			dependencies = (
			);
			name = CBlake2;
			productName = CBlake2;
			productReference = "Blake2::CBlake2::Product" /* CBlake2.framework */;
			productType = "com.apple.product-type.framework";
		};
		"Blake2::SwiftPMPackageDescription" /* Blake2PackageDescription */ = {
			isa = PBXNativeTarget;
			buildConfigurationList = OBJ_72 /* Build configuration list for PBXNativeTarget "Blake2PackageDescription" */;
			buildPhases = (
				OBJ_75 /* Sources */,
			);
			buildRules = (
			);
			dependencies = (
			);
			name = Blake2PackageDescription;
			productName = Blake2PackageDescription;
			productType = "com.apple.product-type.framework";
		};
		"Datable::Datable" /* Datable */ = {
			isa = PBXNativeTarget;
			buildConfigurationList = OBJ_105 /* Build configuration list for PBXNativeTarget "Datable" */;
			buildPhases = (
				OBJ_108 /* Sources */,
				OBJ_125 /* Frameworks */,
			);
			buildRules = (
			);
			dependencies = (
			);
			name = Datable;
			productName = Datable;
			productReference = "Datable::Datable::Product" /* Datable.framework */;
			productType = "com.apple.product-type.framework";
		};
		"Datable::SwiftPMPackageDescription" /* DatablePackageDescription */ = {
			isa = PBXNativeTarget;
			buildConfigurationList = OBJ_127 /* Build configuration list for PBXNativeTarget "DatablePackageDescription" */;
			buildPhases = (
				OBJ_130 /* Sources */,
			);
			buildRules = (
			);
			dependencies = (
			);
			name = DatablePackageDescription;
			productName = DatablePackageDescription;
			productType = "com.apple.product-type.framework";
		};
/* End PBXNativeTarget section */

/* Begin PBXProject section */
		OBJ_1 /* Project object */ = {
			isa = PBXProject;
			attributes = {
				LastUpgradeCheck = 9999;
				TargetAttributes = {
					"Datable::Datable" = {
						LastSwiftMigration = 1000;
					};
				};
			};
			buildConfigurationList = OBJ_2 /* Build configuration list for PBXProject "Blake2" */;
			compatibilityVersion = "Xcode 3.2";
			developmentRegion = English;
			hasScannedForEncodings = 0;
			knownRegions = (
				en,
			);
			mainGroup = OBJ_5 /*  */;
			productRefGroup = OBJ_44 /* Products */;
			projectDirPath = "";
			projectRoot = "";
			targets = (
				"Blake2::Blake2" /* Blake2 */,
				"Blake2::Blake2-ObjC" /* Blake2-ObjC */,
				"Blake2::SwiftPMPackageDescription" /* Blake2PackageDescription */,
				"Blake2::Blake2PackageTests::ProductTarget" /* Blake2PackageTests */,
				"Blake2::Blake2Tests" /* Blake2Tests */,
				"Blake2::CBlake2" /* CBlake2 */,
				"Datable::Datable" /* Datable */,
				"Datable::SwiftPMPackageDescription" /* DatablePackageDescription */,
			);
		};
/* End PBXProject section */

/* Begin PBXSourcesBuildPhase section */
		OBJ_102 /* Sources */ = {
			isa = PBXSourcesBuildPhase;
			buildActionMask = 0;
			files = (
				OBJ_103 /* cblake2s.c in Sources */,
			);
			runOnlyForDeploymentPostprocessing = 0;
		};
		OBJ_108 /* Sources */ = {
			isa = PBXSourcesBuildPhase;
			buildActionMask = 0;
			files = (
				OBJ_109 /* Data+Datable.swift in Sources */,
				OBJ_110 /* Data+ExpressibleByStringLiteral.swift in Sources */,
				OBJ_111 /* Data+Stringable.swift in Sources */,
				OBJ_112 /* Datable+Double.swift in Sources */,
				OBJ_113 /* Datable+Float.swift in Sources */,
				OBJ_114 /* Datable.swift in Sources */,
				OBJ_115 /* DatableConfig.swift in Sources */,
				OBJ_116 /* Double+Stringable.swift in Sources */,
				OBJ_117 /* Int+Datable.swift in Sources */,
				OBJ_118 /* Int+Stringable.swift in Sources */,
				OBJ_119 /* Intable.swift in Sources */,
				OBJ_120 /* String+Datable.swift in Sources */,
				OBJ_121 /* String+Intable.swift in Sources */,
				OBJ_122 /* Stringable.swift in Sources */,
				OBJ_123 /* UInt+Datable.swift in Sources */,
				OBJ_124 /* UInt+Stringable.swift in Sources */,
			);
			runOnlyForDeploymentPostprocessing = 0;
		};
		OBJ_130 /* Sources */ = {
			isa = PBXSourcesBuildPhase;
			buildActionMask = 0;
			files = (
				OBJ_131 /* Package.swift in Sources */,
			);
			runOnlyForDeploymentPostprocessing = 0;
		};
		OBJ_54 /* Sources */ = {
			isa = PBXSourcesBuildPhase;
			buildActionMask = 0;
			files = (
				OBJ_55 /* Blake2.swift in Sources */,
			);
			runOnlyForDeploymentPostprocessing = 0;
		};
		OBJ_66 /* Sources */ = {
			isa = PBXSourcesBuildPhase;
			buildActionMask = 0;
			files = (
				OBJ_67 /* Blake2s.m in Sources */,
			);
			runOnlyForDeploymentPostprocessing = 0;
		};
		OBJ_75 /* Sources */ = {
			isa = PBXSourcesBuildPhase;
			buildActionMask = 0;
			files = (
				OBJ_76 /* Package.swift in Sources */,
			);
			runOnlyForDeploymentPostprocessing = 0;
		};
		OBJ_86 /* Sources */ = {
			isa = PBXSourcesBuildPhase;
			buildActionMask = 0;
			files = (
				OBJ_87 /* Blake2Tests.swift in Sources */,
				OBJ_88 /* XCTestManifests.swift in Sources */,
			);
			runOnlyForDeploymentPostprocessing = 0;
		};
/* End PBXSourcesBuildPhase section */

/* Begin PBXTargetDependency section */
		OBJ_59 /* PBXTargetDependency */ = {
			isa = PBXTargetDependency;
			target = "Blake2::Blake2-ObjC" /* Blake2-ObjC */;
			targetProxy = CAF691582163F63500DCFCAC /* PBXContainerItemProxy */;
		};
		OBJ_61 /* PBXTargetDependency */ = {
			isa = PBXTargetDependency;
			target = "Blake2::CBlake2" /* CBlake2 */;
			targetProxy = CAF691592163F63500DCFCAC /* PBXContainerItemProxy */;
		};
		OBJ_70 /* PBXTargetDependency */ = {
			isa = PBXTargetDependency;
			target = "Blake2::CBlake2" /* CBlake2 */;
			targetProxy = CAF691572163F63500DCFCAC /* PBXContainerItemProxy */;
		};
		OBJ_81 /* PBXTargetDependency */ = {
			isa = PBXTargetDependency;
			target = "Blake2::Blake2Tests" /* Blake2Tests */;
			targetProxy = CAF6915E2163F63600DCFCAC /* PBXContainerItemProxy */;
		};
		OBJ_94 /* PBXTargetDependency */ = {
			isa = PBXTargetDependency;
			target = "Datable::Datable" /* Datable */;
			targetProxy = CAF6915A2163F63500DCFCAC /* PBXContainerItemProxy */;
		};
		OBJ_96 /* PBXTargetDependency */ = {
			isa = PBXTargetDependency;
			target = "Blake2::Blake2" /* Blake2 */;
			targetProxy = CAF6915B2163F63500DCFCAC /* PBXContainerItemProxy */;
		};
		OBJ_97 /* PBXTargetDependency */ = {
			isa = PBXTargetDependency;
			target = "Blake2::Blake2-ObjC" /* Blake2-ObjC */;
			targetProxy = CAF6915C2163F63500DCFCAC /* PBXContainerItemProxy */;
		};
		OBJ_98 /* PBXTargetDependency */ = {
			isa = PBXTargetDependency;
			target = "Blake2::CBlake2" /* CBlake2 */;
			targetProxy = CAF6915D2163F63500DCFCAC /* PBXContainerItemProxy */;
		};
/* End PBXTargetDependency section */

/* Begin XCBuildConfiguration section */
		OBJ_100 /* Debug */ = {
			isa = XCBuildConfiguration;
			buildSettings = {
				DEFINES_MODULE = NO;
				ENABLE_TESTABILITY = YES;
				FRAMEWORK_SEARCH_PATHS = (
					"$(inherited)",
					"$(PLATFORM_DIR)/Developer/Library/Frameworks",
				);
				HEADER_SEARCH_PATHS = (
					"$(inherited)",
					"$(SRCROOT)/Sources/CBlake2/include",
				);
				INFOPLIST_FILE = Blake2.xcodeproj/CBlake2_Info.plist;
				LD_RUNPATH_SEARCH_PATHS = "$(inherited) $(TOOLCHAIN_DIR)/usr/lib/swift/macosx";
				OTHER_CFLAGS = "$(inherited)";
				OTHER_LDFLAGS = "$(inherited)";
				OTHER_SWIFT_FLAGS = "$(inherited)";
				PRODUCT_BUNDLE_IDENTIFIER = CBlake2;
				PRODUCT_MODULE_NAME = "$(TARGET_NAME:c99extidentifier)";
				PRODUCT_NAME = "$(TARGET_NAME:c99extidentifier)";
				SKIP_INSTALL = YES;
				SWIFT_ACTIVE_COMPILATION_CONDITIONS = "$(inherited)";
				TARGET_NAME = CBlake2;
			};
			name = Debug;
		};
		OBJ_101 /* Release */ = {
			isa = XCBuildConfiguration;
			buildSettings = {
				DEFINES_MODULE = NO;
				ENABLE_TESTABILITY = YES;
				FRAMEWORK_SEARCH_PATHS = (
					"$(inherited)",
					"$(PLATFORM_DIR)/Developer/Library/Frameworks",
				);
				HEADER_SEARCH_PATHS = (
					"$(inherited)",
					"$(SRCROOT)/Sources/CBlake2/include",
				);
				INFOPLIST_FILE = Blake2.xcodeproj/CBlake2_Info.plist;
				LD_RUNPATH_SEARCH_PATHS = "$(inherited) $(TOOLCHAIN_DIR)/usr/lib/swift/macosx";
				OTHER_CFLAGS = "$(inherited)";
				OTHER_LDFLAGS = "$(inherited)";
				OTHER_SWIFT_FLAGS = "$(inherited)";
				PRODUCT_BUNDLE_IDENTIFIER = CBlake2;
				PRODUCT_MODULE_NAME = "$(TARGET_NAME:c99extidentifier)";
				PRODUCT_NAME = "$(TARGET_NAME:c99extidentifier)";
				SKIP_INSTALL = YES;
				SWIFT_ACTIVE_COMPILATION_CONDITIONS = "$(inherited)";
				TARGET_NAME = CBlake2;
			};
			name = Release;
		};
		OBJ_106 /* Debug */ = {
			isa = XCBuildConfiguration;
			buildSettings = {
				ENABLE_TESTABILITY = YES;
				FRAMEWORK_SEARCH_PATHS = (
					"$(inherited)",
					"$(PLATFORM_DIR)/Developer/Library/Frameworks",
				);
				HEADER_SEARCH_PATHS = "$(inherited)";
				INFOPLIST_FILE = Blake2.xcodeproj/Datable_Info.plist;
				LD_RUNPATH_SEARCH_PATHS = "$(inherited) $(TOOLCHAIN_DIR)/usr/lib/swift/macosx";
				OTHER_CFLAGS = "$(inherited)";
				OTHER_LDFLAGS = "$(inherited)";
				OTHER_SWIFT_FLAGS = "$(inherited)";
				PRODUCT_BUNDLE_IDENTIFIER = Datable;
				PRODUCT_MODULE_NAME = "$(TARGET_NAME:c99extidentifier)";
				PRODUCT_NAME = "$(TARGET_NAME:c99extidentifier)";
				SKIP_INSTALL = YES;
				SWIFT_ACTIVE_COMPILATION_CONDITIONS = "$(inherited)";
				SWIFT_VERSION = 4.2;
				TARGET_NAME = Datable;
			};
			name = Debug;
		};
		OBJ_107 /* Release */ = {
			isa = XCBuildConfiguration;
			buildSettings = {
				ENABLE_TESTABILITY = YES;
				FRAMEWORK_SEARCH_PATHS = (
					"$(inherited)",
					"$(PLATFORM_DIR)/Developer/Library/Frameworks",
				);
				HEADER_SEARCH_PATHS = "$(inherited)";
				INFOPLIST_FILE = Blake2.xcodeproj/Datable_Info.plist;
				LD_RUNPATH_SEARCH_PATHS = "$(inherited) $(TOOLCHAIN_DIR)/usr/lib/swift/macosx";
				OTHER_CFLAGS = "$(inherited)";
				OTHER_LDFLAGS = "$(inherited)";
				OTHER_SWIFT_FLAGS = "$(inherited)";
				PRODUCT_BUNDLE_IDENTIFIER = Datable;
				PRODUCT_MODULE_NAME = "$(TARGET_NAME:c99extidentifier)";
				PRODUCT_NAME = "$(TARGET_NAME:c99extidentifier)";
				SKIP_INSTALL = YES;
				SWIFT_ACTIVE_COMPILATION_CONDITIONS = "$(inherited)";
				SWIFT_VERSION = 4.2;
				TARGET_NAME = Datable;
			};
			name = Release;
		};
		OBJ_128 /* Debug */ = {
			isa = XCBuildConfiguration;
			buildSettings = {
				LD = /usr/bin/true;
				OTHER_SWIFT_FLAGS = "-swift-version 4 -I $(TOOLCHAIN_DIR)/usr/lib/swift/pm/4 -target x86_64-apple-macosx10.10 -sdk /Applications/Xcode.app/Contents/Developer/Platforms/MacOSX.platform/Developer/SDKs/MacOSX10.14.sdk";
				SWIFT_VERSION = 4.0;
			};
			name = Debug;
		};
		OBJ_129 /* Release */ = {
			isa = XCBuildConfiguration;
			buildSettings = {
				LD = /usr/bin/true;
				OTHER_SWIFT_FLAGS = "-swift-version 4 -I $(TOOLCHAIN_DIR)/usr/lib/swift/pm/4 -target x86_64-apple-macosx10.10 -sdk /Applications/Xcode.app/Contents/Developer/Platforms/MacOSX.platform/Developer/SDKs/MacOSX10.14.sdk";
				SWIFT_VERSION = 4.0;
			};
			name = Release;
		};
		OBJ_3 /* Debug */ = {
			isa = XCBuildConfiguration;
			buildSettings = {
				CLANG_ENABLE_OBJC_ARC = YES;
				COMBINE_HIDPI_IMAGES = YES;
				COPY_PHASE_STRIP = NO;
				DEBUG_INFORMATION_FORMAT = dwarf;
				DYLIB_INSTALL_NAME_BASE = "@rpath";
				ENABLE_NS_ASSERTIONS = YES;
				GCC_OPTIMIZATION_LEVEL = 0;
				GCC_PREPROCESSOR_DEFINITIONS = (
					"DEBUG=1",
					"$(inherited)",
				);
				MACOSX_DEPLOYMENT_TARGET = 10.10;
				ONLY_ACTIVE_ARCH = YES;
				OTHER_SWIFT_FLAGS = "-DXcode";
				PRODUCT_NAME = "$(TARGET_NAME)";
				SDKROOT = macosx;
				SUPPORTED_PLATFORMS = "macosx iphoneos iphonesimulator appletvos appletvsimulator watchos watchsimulator";
				SWIFT_ACTIVE_COMPILATION_CONDITIONS = "SWIFT_PACKAGE DEBUG";
				SWIFT_OPTIMIZATION_LEVEL = "-Onone";
				USE_HEADERMAP = NO;
			};
			name = Debug;
		};
		OBJ_4 /* Release */ = {
			isa = XCBuildConfiguration;
			buildSettings = {
				CLANG_ENABLE_OBJC_ARC = YES;
				COMBINE_HIDPI_IMAGES = YES;
				COPY_PHASE_STRIP = YES;
				DEBUG_INFORMATION_FORMAT = "dwarf-with-dsym";
				DYLIB_INSTALL_NAME_BASE = "@rpath";
				GCC_OPTIMIZATION_LEVEL = s;
				MACOSX_DEPLOYMENT_TARGET = 10.10;
				OTHER_SWIFT_FLAGS = "-DXcode";
				PRODUCT_NAME = "$(TARGET_NAME)";
				SDKROOT = macosx;
				SUPPORTED_PLATFORMS = "macosx iphoneos iphonesimulator appletvos appletvsimulator watchos watchsimulator";
				SWIFT_ACTIVE_COMPILATION_CONDITIONS = SWIFT_PACKAGE;
				SWIFT_OPTIMIZATION_LEVEL = "-Owholemodule";
				USE_HEADERMAP = NO;
			};
			name = Release;
		};
		OBJ_52 /* Debug */ = {
			isa = XCBuildConfiguration;
			buildSettings = {
				ENABLE_TESTABILITY = YES;
				FRAMEWORK_SEARCH_PATHS = (
					"$(inherited)",
					"$(PLATFORM_DIR)/Developer/Library/Frameworks",
				);
				HEADER_SEARCH_PATHS = (
					"$(inherited)",
					"$(SRCROOT)/Sources/Blake2-ObjC/include",
					"$(SRCROOT)/Sources/CBlake2/include",
					"$(SRCROOT)/Blake2.xcodeproj/GeneratedModuleMap/Blake2_ObjC",
					"$(SRCROOT)/Blake2.xcodeproj/GeneratedModuleMap/CBlake2",
				);
				INFOPLIST_FILE = Blake2.xcodeproj/Blake2_Info.plist;
				LD_RUNPATH_SEARCH_PATHS = "$(inherited) $(TOOLCHAIN_DIR)/usr/lib/swift/macosx";
				OTHER_CFLAGS = "$(inherited)";
				OTHER_LDFLAGS = "$(inherited)";
				OTHER_SWIFT_FLAGS = "$(inherited) -Xcc -fmodule-map-file=$(SRCROOT)/Blake2.xcodeproj/GeneratedModuleMap/Blake2_ObjC/module.modulemap -Xcc -fmodule-map-file=$(SRCROOT)/Blake2.xcodeproj/GeneratedModuleMap/CBlake2/module.modulemap";
				PRODUCT_BUNDLE_IDENTIFIER = Blake2;
				PRODUCT_MODULE_NAME = "$(TARGET_NAME:c99extidentifier)";
				PRODUCT_NAME = "$(TARGET_NAME:c99extidentifier)";
				SKIP_INSTALL = YES;
				SWIFT_ACTIVE_COMPILATION_CONDITIONS = "$(inherited)";
				SWIFT_VERSION = 4.2;
				TARGET_NAME = Blake2;
			};
			name = Debug;
		};
		OBJ_53 /* Release */ = {
			isa = XCBuildConfiguration;
			buildSettings = {
				ENABLE_TESTABILITY = YES;
				FRAMEWORK_SEARCH_PATHS = (
					"$(inherited)",
					"$(PLATFORM_DIR)/Developer/Library/Frameworks",
				);
				HEADER_SEARCH_PATHS = (
					"$(inherited)",
					"$(SRCROOT)/Sources/Blake2-ObjC/include",
					"$(SRCROOT)/Sources/CBlake2/include",
					"$(SRCROOT)/Blake2.xcodeproj/GeneratedModuleMap/Blake2_ObjC",
					"$(SRCROOT)/Blake2.xcodeproj/GeneratedModuleMap/CBlake2",
				);
				INFOPLIST_FILE = Blake2.xcodeproj/Blake2_Info.plist;
				LD_RUNPATH_SEARCH_PATHS = "$(inherited) $(TOOLCHAIN_DIR)/usr/lib/swift/macosx";
				OTHER_CFLAGS = "$(inherited)";
				OTHER_LDFLAGS = "$(inherited)";
				OTHER_SWIFT_FLAGS = "$(inherited) -Xcc -fmodule-map-file=$(SRCROOT)/Blake2.xcodeproj/GeneratedModuleMap/Blake2_ObjC/module.modulemap -Xcc -fmodule-map-file=$(SRCROOT)/Blake2.xcodeproj/GeneratedModuleMap/CBlake2/module.modulemap";
				PRODUCT_BUNDLE_IDENTIFIER = Blake2;
				PRODUCT_MODULE_NAME = "$(TARGET_NAME:c99extidentifier)";
				PRODUCT_NAME = "$(TARGET_NAME:c99extidentifier)";
				SKIP_INSTALL = YES;
				SWIFT_ACTIVE_COMPILATION_CONDITIONS = "$(inherited)";
				SWIFT_VERSION = 4.2;
				TARGET_NAME = Blake2;
			};
			name = Release;
		};
		OBJ_64 /* Debug */ = {
			isa = XCBuildConfiguration;
			buildSettings = {
				DEFINES_MODULE = NO;
				ENABLE_TESTABILITY = YES;
				FRAMEWORK_SEARCH_PATHS = (
					"$(inherited)",
					"$(PLATFORM_DIR)/Developer/Library/Frameworks",
				);
				HEADER_SEARCH_PATHS = (
					"$(inherited)",
					"$(SRCROOT)/Sources/Blake2-ObjC/include",
					"$(SRCROOT)/Sources/CBlake2/include",
				);
				INFOPLIST_FILE = Blake2.xcodeproj/Blake2_ObjC_Info.plist;
				LD_RUNPATH_SEARCH_PATHS = "$(inherited) $(TOOLCHAIN_DIR)/usr/lib/swift/macosx";
				OTHER_CFLAGS = "$(inherited)";
				OTHER_LDFLAGS = "$(inherited)";
				OTHER_SWIFT_FLAGS = "$(inherited)";
				PRODUCT_BUNDLE_IDENTIFIER = "Blake2-ObjC";
				PRODUCT_MODULE_NAME = "$(TARGET_NAME:c99extidentifier)";
				PRODUCT_NAME = "$(TARGET_NAME:c99extidentifier)";
				SKIP_INSTALL = YES;
				SWIFT_ACTIVE_COMPILATION_CONDITIONS = "$(inherited)";
				TARGET_NAME = "Blake2-ObjC";
			};
			name = Debug;
		};
		OBJ_65 /* Release */ = {
			isa = XCBuildConfiguration;
			buildSettings = {
				DEFINES_MODULE = NO;
				ENABLE_TESTABILITY = YES;
				FRAMEWORK_SEARCH_PATHS = (
					"$(inherited)",
					"$(PLATFORM_DIR)/Developer/Library/Frameworks",
				);
				HEADER_SEARCH_PATHS = (
					"$(inherited)",
					"$(SRCROOT)/Sources/Blake2-ObjC/include",
					"$(SRCROOT)/Sources/CBlake2/include",
				);
				INFOPLIST_FILE = Blake2.xcodeproj/Blake2_ObjC_Info.plist;
				LD_RUNPATH_SEARCH_PATHS = "$(inherited) $(TOOLCHAIN_DIR)/usr/lib/swift/macosx";
				OTHER_CFLAGS = "$(inherited)";
				OTHER_LDFLAGS = "$(inherited)";
				OTHER_SWIFT_FLAGS = "$(inherited)";
				PRODUCT_BUNDLE_IDENTIFIER = "Blake2-ObjC";
				PRODUCT_MODULE_NAME = "$(TARGET_NAME:c99extidentifier)";
				PRODUCT_NAME = "$(TARGET_NAME:c99extidentifier)";
				SKIP_INSTALL = YES;
				SWIFT_ACTIVE_COMPILATION_CONDITIONS = "$(inherited)";
				TARGET_NAME = "Blake2-ObjC";
			};
			name = Release;
		};
		OBJ_73 /* Debug */ = {
			isa = XCBuildConfiguration;
			buildSettings = {
				LD = /usr/bin/true;
				OTHER_SWIFT_FLAGS = "-swift-version 4.2 -I $(TOOLCHAIN_DIR)/usr/lib/swift/pm/4_2 -target x86_64-apple-macosx10.10 -sdk /Applications/Xcode.app/Contents/Developer/Platforms/MacOSX.platform/Developer/SDKs/MacOSX10.14.sdk";
				SWIFT_VERSION = 4.2;
			};
			name = Debug;
		};
		OBJ_74 /* Release */ = {
			isa = XCBuildConfiguration;
			buildSettings = {
				LD = /usr/bin/true;
				OTHER_SWIFT_FLAGS = "-swift-version 4.2 -I $(TOOLCHAIN_DIR)/usr/lib/swift/pm/4_2 -target x86_64-apple-macosx10.10 -sdk /Applications/Xcode.app/Contents/Developer/Platforms/MacOSX.platform/Developer/SDKs/MacOSX10.14.sdk";
				SWIFT_VERSION = 4.2;
			};
			name = Release;
		};
		OBJ_79 /* Debug */ = {
			isa = XCBuildConfiguration;
			buildSettings = {
			};
			name = Debug;
		};
		OBJ_80 /* Release */ = {
			isa = XCBuildConfiguration;
			buildSettings = {
			};
			name = Release;
		};
		OBJ_84 /* Debug */ = {
			isa = XCBuildConfiguration;
			buildSettings = {
				CLANG_ENABLE_MODULES = YES;
				EMBEDDED_CONTENT_CONTAINS_SWIFT = YES;
				FRAMEWORK_SEARCH_PATHS = (
					"$(inherited)",
					"$(PLATFORM_DIR)/Developer/Library/Frameworks",
				);
				HEADER_SEARCH_PATHS = (
					"$(inherited)",
					"$(SRCROOT)/Sources/Blake2-ObjC/include",
					"$(SRCROOT)/Sources/CBlake2/include",
					"$(SRCROOT)/Blake2.xcodeproj/GeneratedModuleMap/Blake2_ObjC",
					"$(SRCROOT)/Blake2.xcodeproj/GeneratedModuleMap/CBlake2",
				);
				INFOPLIST_FILE = Blake2.xcodeproj/Blake2Tests_Info.plist;
				LD_RUNPATH_SEARCH_PATHS = "$(inherited) @loader_path/../Frameworks @loader_path/Frameworks";
				OTHER_CFLAGS = "$(inherited)";
				OTHER_LDFLAGS = "$(inherited)";
				OTHER_SWIFT_FLAGS = "$(inherited) -Xcc -fmodule-map-file=$(SRCROOT)/Blake2.xcodeproj/GeneratedModuleMap/Blake2_ObjC/module.modulemap -Xcc -fmodule-map-file=$(SRCROOT)/Blake2.xcodeproj/GeneratedModuleMap/CBlake2/module.modulemap";
				SWIFT_ACTIVE_COMPILATION_CONDITIONS = "$(inherited)";
				SWIFT_VERSION = 4.2;
				TARGET_NAME = Blake2Tests;
			};
			name = Debug;
		};
		OBJ_85 /* Release */ = {
			isa = XCBuildConfiguration;
			buildSettings = {
				CLANG_ENABLE_MODULES = YES;
				EMBEDDED_CONTENT_CONTAINS_SWIFT = YES;
				FRAMEWORK_SEARCH_PATHS = (
					"$(inherited)",
					"$(PLATFORM_DIR)/Developer/Library/Frameworks",
				);
				HEADER_SEARCH_PATHS = (
					"$(inherited)",
					"$(SRCROOT)/Sources/Blake2-ObjC/include",
					"$(SRCROOT)/Sources/CBlake2/include",
					"$(SRCROOT)/Blake2.xcodeproj/GeneratedModuleMap/Blake2_ObjC",
					"$(SRCROOT)/Blake2.xcodeproj/GeneratedModuleMap/CBlake2",
				);
				INFOPLIST_FILE = Blake2.xcodeproj/Blake2Tests_Info.plist;
				LD_RUNPATH_SEARCH_PATHS = "$(inherited) @loader_path/../Frameworks @loader_path/Frameworks";
				OTHER_CFLAGS = "$(inherited)";
				OTHER_LDFLAGS = "$(inherited)";
				OTHER_SWIFT_FLAGS = "$(inherited) -Xcc -fmodule-map-file=$(SRCROOT)/Blake2.xcodeproj/GeneratedModuleMap/Blake2_ObjC/module.modulemap -Xcc -fmodule-map-file=$(SRCROOT)/Blake2.xcodeproj/GeneratedModuleMap/CBlake2/module.modulemap";
				SWIFT_ACTIVE_COMPILATION_CONDITIONS = "$(inherited)";
				SWIFT_VERSION = 4.2;
				TARGET_NAME = Blake2Tests;
			};
			name = Release;
		};
/* End XCBuildConfiguration section */

/* Begin XCConfigurationList section */
		OBJ_105 /* Build configuration list for PBXNativeTarget "Datable" */ = {
			isa = XCConfigurationList;
			buildConfigurations = (
				OBJ_106 /* Debug */,
				OBJ_107 /* Release */,
			);
			defaultConfigurationIsVisible = 0;
			defaultConfigurationName = Release;
		};
		OBJ_127 /* Build configuration list for PBXNativeTarget "DatablePackageDescription" */ = {
			isa = XCConfigurationList;
			buildConfigurations = (
				OBJ_128 /* Debug */,
				OBJ_129 /* Release */,
			);
			defaultConfigurationIsVisible = 0;
			defaultConfigurationName = Release;
		};
		OBJ_2 /* Build configuration list for PBXProject "Blake2" */ = {
			isa = XCConfigurationList;
			buildConfigurations = (
				OBJ_3 /* Debug */,
				OBJ_4 /* Release */,
			);
			defaultConfigurationIsVisible = 0;
			defaultConfigurationName = Release;
		};
		OBJ_51 /* Build configuration list for PBXNativeTarget "Blake2" */ = {
			isa = XCConfigurationList;
			buildConfigurations = (
				OBJ_52 /* Debug */,
				OBJ_53 /* Release */,
			);
			defaultConfigurationIsVisible = 0;
			defaultConfigurationName = Release;
		};
		OBJ_63 /* Build configuration list for PBXNativeTarget "Blake2-ObjC" */ = {
			isa = XCConfigurationList;
			buildConfigurations = (
				OBJ_64 /* Debug */,
				OBJ_65 /* Release */,
			);
			defaultConfigurationIsVisible = 0;
			defaultConfigurationName = Release;
		};
		OBJ_72 /* Build configuration list for PBXNativeTarget "Blake2PackageDescription" */ = {
			isa = XCConfigurationList;
			buildConfigurations = (
				OBJ_73 /* Debug */,
				OBJ_74 /* Release */,
			);
			defaultConfigurationIsVisible = 0;
			defaultConfigurationName = Release;
		};
		OBJ_78 /* Build configuration list for PBXAggregateTarget "Blake2PackageTests" */ = {
			isa = XCConfigurationList;
			buildConfigurations = (
				OBJ_79 /* Debug */,
				OBJ_80 /* Release */,
			);
			defaultConfigurationIsVisible = 0;
			defaultConfigurationName = Release;
		};
		OBJ_83 /* Build configuration list for PBXNativeTarget "Blake2Tests" */ = {
			isa = XCConfigurationList;
			buildConfigurations = (
				OBJ_84 /* Debug */,
				OBJ_85 /* Release */,
			);
			defaultConfigurationIsVisible = 0;
			defaultConfigurationName = Release;
		};
		OBJ_99 /* Build configuration list for PBXNativeTarget "CBlake2" */ = {
			isa = XCConfigurationList;
			buildConfigurations = (
				OBJ_100 /* Debug */,
				OBJ_101 /* Release */,
			);
			defaultConfigurationIsVisible = 0;
			defaultConfigurationName = Release;
		};
/* End XCConfigurationList section */
	};
	rootObject = OBJ_1 /* Project object */;
}
